{
  "version": 4,
  "terraform_version": "0.13.0",
  "serial": 61,
  "lineage": "b8667ba5-4f07-50fe-3ed0-7e39d96a2056",
  "outputs": {},
  "resources": [
    {
      "module": "module.backend",
      "mode": "managed",
      "type": "azurerm_app_service",
      "name": "backwebapp",
      "provider": "module.backend.provider[\"registry.terraform.io/hashicorp/azurerm\"]",
      "instances": [
        {
          "schema_version": 0,
          "attributes": {
            "app_service_plan_id": "/subscriptions/328e0db2-17e2-4496-a5f4-6f629cd54217/resourceGroups/appservice-rg/providers/Microsoft.Web/serverfarms/appserviceplan",
            "app_settings": {},
            "auth_settings": [
              {
                "active_directory": [],
                "additional_login_params": {},
                "allowed_external_redirect_urls": [],
                "default_provider": "",
                "enabled": false,
                "facebook": [],
                "google": [],
                "issuer": "",
                "microsoft": [],
                "runtime_version": "",
                "token_refresh_extension_hours": 0,
                "token_store_enabled": false,
                "twitter": [],
                "unauthenticated_client_action": ""
              }
            ],
            "backup": [],
            "client_affinity_enabled": false,
            "client_cert_enabled": false,
            "connection_string": [
              {
                "name": "Database",
                "type": "SQLServer",
                "value": "Server=tcp:dbmain-sqlsvr.database.windows.net,1433;Initial Catalog=dbmain;Persist Security Info=False;User ID=mradministrator;Password=thisIsDog11;MultipleActiveResultSets=False;Encrypt=True;TrustServerCertificate=False;Connection Timeout=30;"
              }
            ],
            "default_site_hostname": "backwebapp.azurewebsites.net",
            "enabled": true,
            "https_only": false,
            "id": "/subscriptions/328e0db2-17e2-4496-a5f4-6f629cd54217/resourceGroups/appservice-rg/providers/Microsoft.Web/sites/backwebapp",
            "identity": [],
            "location": "northeurope",
            "logs": [
              {
                "application_logs": [
                  {
                    "azure_blob_storage": [],
                    "file_system_level": "Off"
                  }
                ],
                "http_logs": [
                  {
                    "azure_blob_storage": [],
                    "file_system": []
                  }
                ]
              }
            ],
            "name": "backwebapp",
            "outbound_ip_addresses": "51.104.185.109,51.104.185.159,51.104.185.251,51.104.186.60,51.104.186.234,51.104.187.93",
            "possible_outbound_ip_addresses": "51.104.185.109,51.104.185.159,51.104.185.251,51.104.186.60,51.104.186.234,51.104.187.93,40.127.228.252,40.127.229.88,40.127.229.89,40.127.230.184,40.127.230.185,40.127.230.230,40.127.252.81,40.127.252.102,40.127.252.123,40.127.252.126,40.127.252.132,40.127.145.0",
            "resource_group_name": "appservice-rg",
            "site_config": [
              {
                "always_on": false,
                "app_command_line": "",
                "auto_swap_slot_name": "",
                "cors": [
                  {
                    "allowed_origins": [],
                    "support_credentials": false
                  }
                ],
                "default_documents": [],
                "dotnet_framework_version": "v4.0",
                "ftps_state": "AllAllowed",
                "health_check_path": "",
                "http2_enabled": false,
                "ip_restriction": [],
                "java_container": "",
                "java_container_version": "",
                "java_version": "",
                "linux_fx_version": "DOTNETCORE|3.1",
                "local_mysql_enabled": false,
                "managed_pipeline_mode": "Integrated",
                "min_tls_version": "1.2",
                "php_version": "",
                "python_version": "",
                "remote_debugging_enabled": false,
                "remote_debugging_version": "VS2019",
                "scm_ip_restriction": [],
                "scm_type": "None",
                "scm_use_main_ip_restriction": false,
                "use_32_bit_worker_process": false,
                "websockets_enabled": false,
                "windows_fx_version": ""
              }
            ],
            "site_credential": [
              {
                "password": "Wf99ygYyLd5NFnERe0yfzXEpsx77j2HYFCpdJCZTzhz34JZPhRlvxEkC0mci",
                "username": "$backwebapp"
              }
            ],
            "source_control": [
              {
                "branch": "master",
                "manual_integration": false,
                "repo_url": "",
                "rollback_enabled": false,
                "use_mercurial": false
              }
            ],
            "storage_account": [],
            "tags": {},
            "timeouts": null
          },
          "private": "eyJlMmJmYjczMC1lY2FhLTExZTYtOGY4OC0zNDM2M2JjN2M0YzAiOnsiY3JlYXRlIjoxODAwMDAwMDAwMDAwLCJkZWxldGUiOjE4MDAwMDAwMDAwMDAsInJlYWQiOjMwMDAwMDAwMDAwMCwidXBkYXRlIjoxODAwMDAwMDAwMDAwfX0=",
          "dependencies": [
            "module.backend.azurerm_app_service_plan.appserviceplan",
            "module.backend.azurerm_resource_group.rg",
            "module.backend.azurerm_sql_database.db",
            "module.backend.azurerm_sql_server.server"
          ]
        }
      ]
    },
    {
      "module": "module.backend",
      "mode": "managed",
      "type": "azurerm_app_service_plan",
      "name": "appserviceplan",
      "provider": "module.backend.provider[\"registry.terraform.io/hashicorp/azurerm\"]",
      "instances": [
        {
          "schema_version": 0,
          "attributes": {
            "app_service_environment_id": "",
            "id": "/subscriptions/328e0db2-17e2-4496-a5f4-6f629cd54217/resourceGroups/appservice-rg/providers/Microsoft.Web/serverfarms/appserviceplan",
            "is_xenon": false,
            "kind": "linux",
            "location": "northeurope",
            "maximum_elastic_worker_count": 1,
            "maximum_number_of_workers": 10,
            "name": "appserviceplan",
            "per_site_scaling": false,
            "reserved": true,
            "resource_group_name": "appservice-rg",
            "sku": [
              {
                "capacity": 1,
                "size": "S1",
                "tier": "Standard"
              }
            ],
            "tags": {},
            "timeouts": null
          },
          "private": "eyJlMmJmYjczMC1lY2FhLTExZTYtOGY4OC0zNDM2M2JjN2M0YzAiOnsiY3JlYXRlIjozNjAwMDAwMDAwMDAwLCJkZWxldGUiOjM2MDAwMDAwMDAwMDAsInJlYWQiOjMwMDAwMDAwMDAwMCwidXBkYXRlIjozNjAwMDAwMDAwMDAwfX0=",
          "dependencies": [
            "module.backend.azurerm_resource_group.rg"
          ]
        }
      ]
    },
    {
      "module": "module.backend",
      "mode": "managed",
      "type": "azurerm_resource_group",
      "name": "rg",
      "provider": "module.backend.provider[\"registry.terraform.io/hashicorp/azurerm\"]",
      "instances": [
        {
          "schema_version": 0,
          "attributes": {
            "id": "/subscriptions/328e0db2-17e2-4496-a5f4-6f629cd54217/resourceGroups/appservice-rg",
            "location": "northeurope",
            "name": "appservice-rg",
            "tags": {},
            "timeouts": null
          },
          "private": "eyJlMmJmYjczMC1lY2FhLTExZTYtOGY4OC0zNDM2M2JjN2M0YzAiOnsiY3JlYXRlIjo1NDAwMDAwMDAwMDAwLCJkZWxldGUiOjU0MDAwMDAwMDAwMDAsInJlYWQiOjMwMDAwMDAwMDAwMCwidXBkYXRlIjo1NDAwMDAwMDAwMDAwfX0="
        }
      ]
    },
    {
      "module": "module.backend",
      "mode": "managed",
      "type": "azurerm_sql_database",
      "name": "db",
      "provider": "module.backend.provider[\"registry.terraform.io/hashicorp/azurerm\"]",
      "instances": [
        {
          "schema_version": 0,
          "attributes": {
            "collation": "SQL_Latin1_General_CP1_CI_AS",
            "create_mode": "Default",
            "creation_date": "2020-10-22T18:25:21.96Z",
            "default_secondary_location": "West Europe",
            "edition": "Standard",
            "elastic_pool_name": "",
            "encryption": "",
            "extended_auditing_policy": [],
            "id": "/subscriptions/328e0db2-17e2-4496-a5f4-6f629cd54217/resourceGroups/appservice-rg/providers/Microsoft.Sql/servers/dbmain-sqlsvr/databases/dbmain",
            "import": [],
            "location": "northeurope",
            "max_size_bytes": "268435456000",
            "max_size_gb": null,
            "name": "dbmain",
            "read_scale": false,
            "requested_service_objective_id": "f1173c43-91bd-4aaa-973c-54e79e15235b",
            "requested_service_objective_name": "S0",
            "resource_group_name": "appservice-rg",
            "restore_point_in_time": null,
            "server_name": "dbmain-sqlsvr",
            "source_database_deletion_date": null,
            "source_database_id": null,
            "tags": {},
            "threat_detection_policy": [
              {
                "disabled_alerts": [],
                "email_account_admins": "Disabled",
                "email_addresses": [],
                "retention_days": 0,
                "state": "Disabled",
                "storage_account_access_key": "",
                "storage_endpoint": "",
                "use_server_default": "Disabled"
              }
            ],
            "timeouts": null,
            "zone_redundant": false
          },
          "private": "eyJlMmJmYjczMC1lY2FhLTExZTYtOGY4OC0zNDM2M2JjN2M0YzAiOnsiY3JlYXRlIjozNjAwMDAwMDAwMDAwLCJkZWxldGUiOjM2MDAwMDAwMDAwMDAsInJlYWQiOjMwMDAwMDAwMDAwMCwidXBkYXRlIjozNjAwMDAwMDAwMDAwfX0=",
          "dependencies": [
            "module.backend.azurerm_resource_group.rg",
            "module.backend.azurerm_sql_server.server"
          ]
        }
      ]
    },
    {
      "module": "module.backend",
      "mode": "managed",
      "type": "azurerm_sql_firewall_rule",
      "name": "firewall",
      "provider": "module.backend.provider[\"registry.terraform.io/hashicorp/azurerm\"]",
      "instances": [
        {
          "schema_version": 0,
          "attributes": {
            "end_ip_address": "89.69.165.90",
            "id": "/subscriptions/328e0db2-17e2-4496-a5f4-6f629cd54217/resourceGroups/appservice-rg/providers/Microsoft.Sql/servers/dbmain-sqlsvr/firewallRules/dbmain-fwrules",
            "name": "dbmain-fwrules",
            "resource_group_name": "appservice-rg",
            "server_name": "dbmain-sqlsvr",
            "start_ip_address": "89.69.165.70",
            "timeouts": null
          },
          "private": "eyJlMmJmYjczMC1lY2FhLTExZTYtOGY4OC0zNDM2M2JjN2M0YzAiOnsiY3JlYXRlIjoxODAwMDAwMDAwMDAwLCJkZWxldGUiOjE4MDAwMDAwMDAwMDAsInJlYWQiOjMwMDAwMDAwMDAwMCwidXBkYXRlIjoxODAwMDAwMDAwMDAwfX0=",
          "dependencies": [
            "module.backend.azurerm_resource_group.rg",
            "module.backend.azurerm_sql_server.server"
          ]
        }
      ]
    },
    {
      "module": "module.backend",
      "mode": "managed",
      "type": "azurerm_sql_server",
      "name": "server",
      "provider": "module.backend.provider[\"registry.terraform.io/hashicorp/azurerm\"]",
      "instances": [
        {
          "schema_version": 0,
          "attributes": {
            "administrator_login": "mradministrator",
            "administrator_login_password": "thisIsDog11",
            "connection_policy": "Default",
            "extended_auditing_policy": [],
            "fully_qualified_domain_name": "dbmain-sqlsvr.database.windows.net",
            "id": "/subscriptions/328e0db2-17e2-4496-a5f4-6f629cd54217/resourceGroups/appservice-rg/providers/Microsoft.Sql/servers/dbmain-sqlsvr",
            "identity": [],
            "location": "northeurope",
            "name": "dbmain-sqlsvr",
            "resource_group_name": "appservice-rg",
            "tags": {},
            "timeouts": null,
            "version": "12.0"
          },
          "private": "eyJlMmJmYjczMC1lY2FhLTExZTYtOGY4OC0zNDM2M2JjN2M0YzAiOnsiY3JlYXRlIjozNjAwMDAwMDAwMDAwLCJkZWxldGUiOjM2MDAwMDAwMDAwMDAsInJlYWQiOjMwMDAwMDAwMDAwMCwidXBkYXRlIjozNjAwMDAwMDAwMDAwfX0=",
          "dependencies": [
            "module.backend.azurerm_resource_group.rg"
          ]
        }
      ]
    },
    {
      "module": "module.backend",
      "mode": "managed",
      "type": "azurerm_subnet",
      "name": "endpointsubnet",
      "provider": "module.backend.provider[\"registry.terraform.io/hashicorp/azurerm\"]",
      "instances": [
        {
          "schema_version": 0,
          "attributes": {
            "address_prefix": "10.188.2.0/24",
            "address_prefixes": [
              "10.188.2.0/24"
            ],
            "delegation": [],
            "enforce_private_link_endpoint_network_policies": true,
            "enforce_private_link_service_network_policies": false,
            "id": "/subscriptions/328e0db2-17e2-4496-a5f4-6f629cd54217/resourceGroups/appservice-rg/providers/Microsoft.Network/virtualNetworks/vnet/subnets/endpointsubnet",
            "name": "endpointsubnet",
            "resource_group_name": "appservice-rg",
            "service_endpoints": [],
            "timeouts": null,
            "virtual_network_name": "vnet"
          },
          "private": "eyJlMmJmYjczMC1lY2FhLTExZTYtOGY4OC0zNDM2M2JjN2M0YzAiOnsiY3JlYXRlIjoxODAwMDAwMDAwMDAwLCJkZWxldGUiOjE4MDAwMDAwMDAwMDAsInJlYWQiOjMwMDAwMDAwMDAwMCwidXBkYXRlIjoxODAwMDAwMDAwMDAwfX0=",
          "dependencies": [
            "module.backend.azurerm_resource_group.rg",
            "module.backend.azurerm_virtual_network.vnet"
          ]
        }
      ]
    },
    {
      "module": "module.backend",
      "mode": "managed",
      "type": "azurerm_subnet",
      "name": "integrationsubnet",
      "provider": "module.backend.provider[\"registry.terraform.io/hashicorp/azurerm\"]",
      "instances": [
        {
          "schema_version": 0,
          "attributes": {
            "address_prefix": "10.188.1.0/24",
            "address_prefixes": [
              "10.188.1.0/24"
            ],
            "delegation": [
              {
                "name": "delegation",
                "service_delegation": [
                  {
                    "actions": [
                      "Microsoft.Network/virtualNetworks/subnets/action"
                    ],
                    "name": "Microsoft.Web/serverFarms"
                  }
                ]
              }
            ],
            "enforce_private_link_endpoint_network_policies": false,
            "enforce_private_link_service_network_policies": false,
            "id": "/subscriptions/328e0db2-17e2-4496-a5f4-6f629cd54217/resourceGroups/appservice-rg/providers/Microsoft.Network/virtualNetworks/vnet/subnets/integrationsubnet",
            "name": "integrationsubnet",
            "resource_group_name": "appservice-rg",
            "service_endpoints": [],
            "timeouts": null,
            "virtual_network_name": "vnet"
          },
          "private": "eyJlMmJmYjczMC1lY2FhLTExZTYtOGY4OC0zNDM2M2JjN2M0YzAiOnsiY3JlYXRlIjoxODAwMDAwMDAwMDAwLCJkZWxldGUiOjE4MDAwMDAwMDAwMDAsInJlYWQiOjMwMDAwMDAwMDAwMCwidXBkYXRlIjoxODAwMDAwMDAwMDAwfX0=",
          "dependencies": [
            "module.backend.azurerm_resource_group.rg",
            "module.backend.azurerm_virtual_network.vnet"
          ]
        }
      ]
    },
    {
      "module": "module.backend",
      "mode": "managed",
      "type": "azurerm_virtual_network",
      "name": "vnet",
      "provider": "module.backend.provider[\"registry.terraform.io/hashicorp/azurerm\"]",
      "instances": [
        {
          "schema_version": 0,
          "attributes": {
            "address_space": [
              "10.188.0.0/16"
            ],
            "ddos_protection_plan": [],
            "dns_servers": [],
            "guid": "c141bc5d-2ca7-4d5f-9829-178f059d9bf5",
            "id": "/subscriptions/328e0db2-17e2-4496-a5f4-6f629cd54217/resourceGroups/appservice-rg/providers/Microsoft.Network/virtualNetworks/vnet",
            "location": "northeurope",
            "name": "vnet",
            "resource_group_name": "appservice-rg",
            "subnet": [
              {
                "address_prefix": "10.188.1.0/24",
                "id": "/subscriptions/328e0db2-17e2-4496-a5f4-6f629cd54217/resourceGroups/appservice-rg/providers/Microsoft.Network/virtualNetworks/vnet/subnets/integrationsubnet",
                "name": "integrationsubnet",
                "security_group": ""
              },
              {
                "address_prefix": "10.188.2.0/24",
                "id": "/subscriptions/328e0db2-17e2-4496-a5f4-6f629cd54217/resourceGroups/appservice-rg/providers/Microsoft.Network/virtualNetworks/vnet/subnets/endpointsubnet",
                "name": "endpointsubnet",
                "security_group": ""
              }
            ],
            "tags": {},
            "timeouts": null
          },
          "private": "eyJlMmJmYjczMC1lY2FhLTExZTYtOGY4OC0zNDM2M2JjN2M0YzAiOnsiY3JlYXRlIjoxODAwMDAwMDAwMDAwLCJkZWxldGUiOjE4MDAwMDAwMDAwMDAsInJlYWQiOjMwMDAwMDAwMDAwMCwidXBkYXRlIjoxODAwMDAwMDAwMDAwfX0=",
          "dependencies": [
            "module.backend.azurerm_resource_group.rg"
          ]
        }
      ]
    }
  ]
}
